
Microsoft Visual Studio Solution File, Format Version 12.00
# Visual Studio Version 17
VisualStudioVersion = 17.14.36327.8
MinimumVisualStudioVersion = 10.0.40219.1
Project("{FAE04EC0-301F-11D3-BF4B-00C04F79EFBC}") = "Disa", "Disa.csproj", "{493B9555-A211-4EBC-A7C7-1C3A92FB941F}"
EndProject
Project("{2150E333-8FDC-42A3-9474-1A3956D46DE8}") = "src", "src", "{02EA681E-C7D8-13C7-8484-4AC65E1B71E8}"
EndProject
Project("{2150E333-8FDC-42A3-9474-1A3956D46DE8}") = "APIGateway.Presentation", "APIGateway.Presentation", "{B819E3D6-2BB3-41D2-A56B-6CAE6BDF832D}"
EndProject
Project("{2150E333-8FDC-42A3-9474-1A3956D46DE8}") = "building-block", "building-block", "{42CAA16E-0766-4260-8B80-FCBDB3651EA4}"
EndProject
Project("{2150E333-8FDC-42A3-9474-1A3956D46DE8}") = "deployments", "deployments", "{8EAC7C3B-0CA0-40EE-9C2D-79BF822F6541}"
EndProject
Project("{2150E333-8FDC-42A3-9474-1A3956D46DE8}") = "services", "services", "{A49E6A73-E40B-492A-BA05-D2A3D5E87A38}"
EndProject
Project("{FAE04EC0-301F-11D3-BF4B-00C04F79EFBC}") = "IAM.Presentation", "..\IAMService\IAM.Presentation.csproj", "{79991F52-1F61-4647-982B-B5CFFA2E67AF}"
EndProject
Project("{2150E333-8FDC-42A3-9474-1A3956D46DE8}") = "IAMService", "IAMService", "{AA34B232-2994-43A9-A0DF-01DA7EBD4F87}"
EndProject
Project("{2150E333-8FDC-42A3-9474-1A3956D46DE8}") = "CustomerService", "CustomerService", "{8424A89C-EB53-46EA-AF74-54FC330CABE7}"
EndProject
Project("{FAE04EC0-301F-11D3-BF4B-00C04F79EFBC}") = "Customer.Presentation", "..\Customer.Presentation\Customer.Presentation.csproj", "{8BD498A1-C19D-4A80-916A-679967E4D6DA}"
EndProject
Project("{2150E333-8FDC-42A3-9474-1A3956D46DE8}") = "BookingService", "BookingService", "{AF7AE388-836F-4F79-A12C-5FDF12B3EB99}"
EndProject
Project("{FAE04EC0-301F-11D3-BF4B-00C04F79EFBC}") = "Booking.Presentation", "..\Booking.Presentation\Booking.Presentation.csproj", "{46B64297-31A4-4990-953B-7A249ED656CC}"
EndProject
Project("{2150E333-8FDC-42A3-9474-1A3956D46DE8}") = "AIService", "AIService", "{8C790768-828E-47C7-95DA-77C5F2091BFA}"
EndProject
Project("{FAE04EC0-301F-11D3-BF4B-00C04F79EFBC}") = "AI.Presentation", "..\AI.Presentation\AI.Presentation.csproj", "{5077C60C-2670-441A-880E-8FF00F844C25}"
EndProject
Project("{2150E333-8FDC-42A3-9474-1A3956D46DE8}") = "BlogService", "BlogService", "{C0A92D16-46C6-4DA4-B640-4DDB710BF78D}"
EndProject
Project("{2150E333-8FDC-42A3-9474-1A3956D46DE8}") = "TaskService", "TaskService", "{F31CDEEF-1EBC-4227-B8B6-1BFE1CED327E}"
EndProject
Project("{2150E333-8FDC-42A3-9474-1A3956D46DE8}") = "AITourService", "AITourService", "{65BA9E16-EF42-462B-88BC-CF44D6C0810A}"
EndProject
Project("{FAE04EC0-301F-11D3-BF4B-00C04F79EFBC}") = "AITour.Presentation", "..\AITour.Presentation\AITour.Presentation.csproj", "{C9843B25-F943-4318-B4E0-26EC7627B578}"
EndProject
Project("{FAE04EC0-301F-11D3-BF4B-00C04F79EFBC}") = "Blog.Presentation", "..\Blog.Presentation\Blog.Presentation.csproj", "{89363DB1-265D-4E1C-8A07-DB4C0183FA4A}"
EndProject
Project("{FAE04EC0-301F-11D3-BF4B-00C04F79EFBC}") = "Task.Presentation", "..\Task.Presentation\Task.Presentation.csproj", "{EDF6B251-047C-4137-93C8-FE4205EC7DED}"
EndProject
Project("{FAE04EC0-301F-11D3-BF4B-00C04F79EFBC}") = "AI.Application", "..\AI.Application\AI.Application.csproj", "{429195B4-2BB1-477C-9A85-1E72737F0A95}"
EndProject
Project("{FAE04EC0-301F-11D3-BF4B-00C04F79EFBC}") = "AI.Infrastructure", "..\AI.Infrastructure\AI.Infrastructure.csproj", "{6E2F7424-2BCA-4200-A05F-319A01BD0FF0}"
EndProject
Project("{FAE04EC0-301F-11D3-BF4B-00C04F79EFBC}") = "AI.Domain", "..\AI.Domain\AI.Domain.csproj", "{4887AF5F-0596-4D35-85A3-BED1C994BDEE}"
EndProject
Project("{FAE04EC0-301F-11D3-BF4B-00C04F79EFBC}") = "Common", "..\Common\Common.csproj", "{38666D1A-DF50-44C8-B972-5184C235797F}"
EndProject
Project("{FAE04EC0-301F-11D3-BF4B-00C04F79EFBC}") = "Contracts", "..\Contracts\Contracts.csproj", "{88B4A04D-162F-442C-9B2D-1C94A779D847}"
EndProject
Project("{FAE04EC0-301F-11D3-BF4B-00C04F79EFBC}") = "EventBus", "..\EventBus\EventBus.csproj", "{572C706D-E527-4009-B4B5-2AEFD8B883B9}"
EndProject
Project("{FAE04EC0-301F-11D3-BF4B-00C04F79EFBC}") = "Booking.Domain", "..\Booking.Domain\Booking.Domain.csproj", "{B1C77545-DEBB-484F-824D-70600AC91DCA}"
EndProject
Project("{FAE04EC0-301F-11D3-BF4B-00C04F79EFBC}") = "Booking.Application", "..\Booking.Application\Booking.Application.csproj", "{1572F6E9-C32F-4F73-B85D-DBFD201AB377}"
EndProject
Project("{FAE04EC0-301F-11D3-BF4B-00C04F79EFBC}") = "Booking.Infrastructure", "..\Booking.Infrastructure\Booking.Infrastructure.csproj", "{6A619AEF-9AC1-4DAC-AAFF-F6F6A17F0A61}"
EndProject
Project("{FAE04EC0-301F-11D3-BF4B-00C04F79EFBC}") = "IAM.Domain", "..\IAM.Domain\IAM.Domain.csproj", "{E9DFEE9D-F630-4B3A-8D88-554C21822302}"
EndProject
Project("{FAE04EC0-301F-11D3-BF4B-00C04F79EFBC}") = "IAM.Application", "..\IAM.Application\IAM.Application.csproj", "{01367758-CE10-4149-A235-456A22DD9CE3}"
EndProject
Project("{FAE04EC0-301F-11D3-BF4B-00C04F79EFBC}") = "IAM.Infrastructure", "..\IAM.Infrastructure\IAM.Infrastructure.csproj", "{8216B7D7-5ED3-4E5D-ABB9-2F08B8AFBAC5}"
EndProject
Project("{FAE04EC0-301F-11D3-BF4B-00C04F79EFBC}") = "AITour.Domain", "..\AITour.Domain\AITour.Domain.csproj", "{A6F5EA77-B279-4090-AADF-8147AF2131E3}"
EndProject
Project("{FAE04EC0-301F-11D3-BF4B-00C04F79EFBC}") = "AITour.Application", "..\AITour.Application\AITour.Application.csproj", "{CF86A419-865B-482C-A75C-52FC7C51936D}"
EndProject
Project("{FAE04EC0-301F-11D3-BF4B-00C04F79EFBC}") = "AITour.Infrastructure", "..\AITour.Infrastructure\AITour.Infrastructure.csproj", "{31372EE4-DBEC-4C09-9E03-0C19B8B0710A}"
EndProject
Project("{FAE04EC0-301F-11D3-BF4B-00C04F79EFBC}") = "Customer.Domain", "..\Customer.Domain\Customer.Domain.csproj", "{7B303811-657F-4827-B86F-3993250B9F30}"
EndProject
Project("{FAE04EC0-301F-11D3-BF4B-00C04F79EFBC}") = "Customer.Applicstion", "..\Customer.Applicstion\Customer.Applicstion.csproj", "{B949ABF2-6CD3-414C-B693-4FC379FB4E20}"
EndProject
Project("{FAE04EC0-301F-11D3-BF4B-00C04F79EFBC}") = "Customer.Infrastructure", "..\Customer.Infrastructure\Customer.Infrastructure.csproj", "{8F3744E0-045A-469E-871C-AF932DB8BEC1}"
EndProject
Project("{FAE04EC0-301F-11D3-BF4B-00C04F79EFBC}") = "Task.Domain", "..\Task.Domain\Task.Domain.csproj", "{D8542FB2-F07C-4C5B-8227-2B55E782C83F}"
EndProject
Project("{FAE04EC0-301F-11D3-BF4B-00C04F79EFBC}") = "Task.Application", "..\Task.Application\Task.Application.csproj", "{7F7DDBD3-D15A-44C7-8B04-F239EE9311B1}"
EndProject
Project("{FAE04EC0-301F-11D3-BF4B-00C04F79EFBC}") = "Task.Infrastructure", "..\Task.Infrastructure\Task.Infrastructure.csproj", "{24C52121-4B51-4B7B-A3E2-24B3FCD0135B}"
EndProject
Project("{FAE04EC0-301F-11D3-BF4B-00C04F79EFBC}") = "Blog.Infrastructure", "..\Blog.Infrastructure\Blog.Infrastructure.csproj", "{24E6B445-72EB-46C1-8943-8512235D506E}"
EndProject
Project("{FAE04EC0-301F-11D3-BF4B-00C04F79EFBC}") = "Blog.Application", "..\Blog.Application\Blog.Application.csproj", "{2B3DAF10-23F6-4383-8A77-E1DE89075834}"
EndProject
Project("{FAE04EC0-301F-11D3-BF4B-00C04F79EFBC}") = "Blog.Domain", "..\Blog.Domain\Blog.Domain.csproj", "{A2A4C2AF-DA07-45CD-97D9-0983D0B29B28}"
EndProject
Global
	GlobalSection(SolutionConfigurationPlatforms) = preSolution
		Debug|Any CPU = Debug|Any CPU
		Release|Any CPU = Release|Any CPU
	EndGlobalSection
	GlobalSection(ProjectConfigurationPlatforms) = postSolution
		{493B9555-A211-4EBC-A7C7-1C3A92FB941F}.Debug|Any CPU.ActiveCfg = Debug|Any CPU
		{493B9555-A211-4EBC-A7C7-1C3A92FB941F}.Debug|Any CPU.Build.0 = Debug|Any CPU
		{493B9555-A211-4EBC-A7C7-1C3A92FB941F}.Release|Any CPU.ActiveCfg = Release|Any CPU
		{493B9555-A211-4EBC-A7C7-1C3A92FB941F}.Release|Any CPU.Build.0 = Release|Any CPU
		{79991F52-1F61-4647-982B-B5CFFA2E67AF}.Debug|Any CPU.ActiveCfg = Debug|Any CPU
		{79991F52-1F61-4647-982B-B5CFFA2E67AF}.Debug|Any CPU.Build.0 = Debug|Any CPU
		{79991F52-1F61-4647-982B-B5CFFA2E67AF}.Release|Any CPU.ActiveCfg = Release|Any CPU
		{79991F52-1F61-4647-982B-B5CFFA2E67AF}.Release|Any CPU.Build.0 = Release|Any CPU
		{8BD498A1-C19D-4A80-916A-679967E4D6DA}.Debug|Any CPU.ActiveCfg = Debug|Any CPU
		{8BD498A1-C19D-4A80-916A-679967E4D6DA}.Debug|Any CPU.Build.0 = Debug|Any CPU
		{8BD498A1-C19D-4A80-916A-679967E4D6DA}.Release|Any CPU.ActiveCfg = Release|Any CPU
		{8BD498A1-C19D-4A80-916A-679967E4D6DA}.Release|Any CPU.Build.0 = Release|Any CPU
		{46B64297-31A4-4990-953B-7A249ED656CC}.Debug|Any CPU.ActiveCfg = Debug|Any CPU
		{46B64297-31A4-4990-953B-7A249ED656CC}.Debug|Any CPU.Build.0 = Debug|Any CPU
		{46B64297-31A4-4990-953B-7A249ED656CC}.Release|Any CPU.ActiveCfg = Release|Any CPU
		{46B64297-31A4-4990-953B-7A249ED656CC}.Release|Any CPU.Build.0 = Release|Any CPU
		{5077C60C-2670-441A-880E-8FF00F844C25}.Debug|Any CPU.ActiveCfg = Debug|Any CPU
		{5077C60C-2670-441A-880E-8FF00F844C25}.Debug|Any CPU.Build.0 = Debug|Any CPU
		{5077C60C-2670-441A-880E-8FF00F844C25}.Release|Any CPU.ActiveCfg = Release|Any CPU
		{5077C60C-2670-441A-880E-8FF00F844C25}.Release|Any CPU.Build.0 = Release|Any CPU
		{C9843B25-F943-4318-B4E0-26EC7627B578}.Debug|Any CPU.ActiveCfg = Debug|Any CPU
		{C9843B25-F943-4318-B4E0-26EC7627B578}.Debug|Any CPU.Build.0 = Debug|Any CPU
		{C9843B25-F943-4318-B4E0-26EC7627B578}.Release|Any CPU.ActiveCfg = Release|Any CPU
		{C9843B25-F943-4318-B4E0-26EC7627B578}.Release|Any CPU.Build.0 = Release|Any CPU
		{89363DB1-265D-4E1C-8A07-DB4C0183FA4A}.Debug|Any CPU.ActiveCfg = Debug|Any CPU
		{89363DB1-265D-4E1C-8A07-DB4C0183FA4A}.Debug|Any CPU.Build.0 = Debug|Any CPU
		{89363DB1-265D-4E1C-8A07-DB4C0183FA4A}.Release|Any CPU.ActiveCfg = Release|Any CPU
		{89363DB1-265D-4E1C-8A07-DB4C0183FA4A}.Release|Any CPU.Build.0 = Release|Any CPU
		{EDF6B251-047C-4137-93C8-FE4205EC7DED}.Debug|Any CPU.ActiveCfg = Debug|Any CPU
		{EDF6B251-047C-4137-93C8-FE4205EC7DED}.Debug|Any CPU.Build.0 = Debug|Any CPU
		{EDF6B251-047C-4137-93C8-FE4205EC7DED}.Release|Any CPU.ActiveCfg = Release|Any CPU
		{EDF6B251-047C-4137-93C8-FE4205EC7DED}.Release|Any CPU.Build.0 = Release|Any CPU
		{429195B4-2BB1-477C-9A85-1E72737F0A95}.Debug|Any CPU.ActiveCfg = Debug|Any CPU
		{429195B4-2BB1-477C-9A85-1E72737F0A95}.Debug|Any CPU.Build.0 = Debug|Any CPU
		{429195B4-2BB1-477C-9A85-1E72737F0A95}.Release|Any CPU.ActiveCfg = Release|Any CPU
		{429195B4-2BB1-477C-9A85-1E72737F0A95}.Release|Any CPU.Build.0 = Release|Any CPU
		{6E2F7424-2BCA-4200-A05F-319A01BD0FF0}.Debug|Any CPU.ActiveCfg = Debug|Any CPU
		{6E2F7424-2BCA-4200-A05F-319A01BD0FF0}.Debug|Any CPU.Build.0 = Debug|Any CPU
		{6E2F7424-2BCA-4200-A05F-319A01BD0FF0}.Release|Any CPU.ActiveCfg = Release|Any CPU
		{6E2F7424-2BCA-4200-A05F-319A01BD0FF0}.Release|Any CPU.Build.0 = Release|Any CPU
		{4887AF5F-0596-4D35-85A3-BED1C994BDEE}.Debug|Any CPU.ActiveCfg = Debug|Any CPU
		{4887AF5F-0596-4D35-85A3-BED1C994BDEE}.Debug|Any CPU.Build.0 = Debug|Any CPU
		{4887AF5F-0596-4D35-85A3-BED1C994BDEE}.Release|Any CPU.ActiveCfg = Release|Any CPU
		{4887AF5F-0596-4D35-85A3-BED1C994BDEE}.Release|Any CPU.Build.0 = Release|Any CPU
		{38666D1A-DF50-44C8-B972-5184C235797F}.Debug|Any CPU.ActiveCfg = Debug|Any CPU
		{38666D1A-DF50-44C8-B972-5184C235797F}.Debug|Any CPU.Build.0 = Debug|Any CPU
		{38666D1A-DF50-44C8-B972-5184C235797F}.Release|Any CPU.ActiveCfg = Release|Any CPU
		{38666D1A-DF50-44C8-B972-5184C235797F}.Release|Any CPU.Build.0 = Release|Any CPU
		{88B4A04D-162F-442C-9B2D-1C94A779D847}.Debug|Any CPU.ActiveCfg = Debug|Any CPU
		{88B4A04D-162F-442C-9B2D-1C94A779D847}.Debug|Any CPU.Build.0 = Debug|Any CPU
		{88B4A04D-162F-442C-9B2D-1C94A779D847}.Release|Any CPU.ActiveCfg = Release|Any CPU
		{88B4A04D-162F-442C-9B2D-1C94A779D847}.Release|Any CPU.Build.0 = Release|Any CPU
		{572C706D-E527-4009-B4B5-2AEFD8B883B9}.Debug|Any CPU.ActiveCfg = Debug|Any CPU
		{572C706D-E527-4009-B4B5-2AEFD8B883B9}.Debug|Any CPU.Build.0 = Debug|Any CPU
		{572C706D-E527-4009-B4B5-2AEFD8B883B9}.Release|Any CPU.ActiveCfg = Release|Any CPU
		{572C706D-E527-4009-B4B5-2AEFD8B883B9}.Release|Any CPU.Build.0 = Release|Any CPU
		{B1C77545-DEBB-484F-824D-70600AC91DCA}.Debug|Any CPU.ActiveCfg = Debug|Any CPU
		{B1C77545-DEBB-484F-824D-70600AC91DCA}.Debug|Any CPU.Build.0 = Debug|Any CPU
		{B1C77545-DEBB-484F-824D-70600AC91DCA}.Release|Any CPU.ActiveCfg = Release|Any CPU
		{B1C77545-DEBB-484F-824D-70600AC91DCA}.Release|Any CPU.Build.0 = Release|Any CPU
		{1572F6E9-C32F-4F73-B85D-DBFD201AB377}.Debug|Any CPU.ActiveCfg = Debug|Any CPU
		{1572F6E9-C32F-4F73-B85D-DBFD201AB377}.Debug|Any CPU.Build.0 = Debug|Any CPU
		{1572F6E9-C32F-4F73-B85D-DBFD201AB377}.Release|Any CPU.ActiveCfg = Release|Any CPU
		{1572F6E9-C32F-4F73-B85D-DBFD201AB377}.Release|Any CPU.Build.0 = Release|Any CPU
		{6A619AEF-9AC1-4DAC-AAFF-F6F6A17F0A61}.Debug|Any CPU.ActiveCfg = Debug|Any CPU
		{6A619AEF-9AC1-4DAC-AAFF-F6F6A17F0A61}.Debug|Any CPU.Build.0 = Debug|Any CPU
		{6A619AEF-9AC1-4DAC-AAFF-F6F6A17F0A61}.Release|Any CPU.ActiveCfg = Release|Any CPU
		{6A619AEF-9AC1-4DAC-AAFF-F6F6A17F0A61}.Release|Any CPU.Build.0 = Release|Any CPU
		{E9DFEE9D-F630-4B3A-8D88-554C21822302}.Debug|Any CPU.ActiveCfg = Debug|Any CPU
		{E9DFEE9D-F630-4B3A-8D88-554C21822302}.Debug|Any CPU.Build.0 = Debug|Any CPU
		{E9DFEE9D-F630-4B3A-8D88-554C21822302}.Release|Any CPU.ActiveCfg = Release|Any CPU
		{E9DFEE9D-F630-4B3A-8D88-554C21822302}.Release|Any CPU.Build.0 = Release|Any CPU
		{01367758-CE10-4149-A235-456A22DD9CE3}.Debug|Any CPU.ActiveCfg = Debug|Any CPU
		{01367758-CE10-4149-A235-456A22DD9CE3}.Debug|Any CPU.Build.0 = Debug|Any CPU
		{01367758-CE10-4149-A235-456A22DD9CE3}.Release|Any CPU.ActiveCfg = Release|Any CPU
		{01367758-CE10-4149-A235-456A22DD9CE3}.Release|Any CPU.Build.0 = Release|Any CPU
		{8216B7D7-5ED3-4E5D-ABB9-2F08B8AFBAC5}.Debug|Any CPU.ActiveCfg = Debug|Any CPU
		{8216B7D7-5ED3-4E5D-ABB9-2F08B8AFBAC5}.Debug|Any CPU.Build.0 = Debug|Any CPU
		{8216B7D7-5ED3-4E5D-ABB9-2F08B8AFBAC5}.Release|Any CPU.ActiveCfg = Release|Any CPU
		{8216B7D7-5ED3-4E5D-ABB9-2F08B8AFBAC5}.Release|Any CPU.Build.0 = Release|Any CPU
		{A6F5EA77-B279-4090-AADF-8147AF2131E3}.Debug|Any CPU.ActiveCfg = Debug|Any CPU
		{A6F5EA77-B279-4090-AADF-8147AF2131E3}.Debug|Any CPU.Build.0 = Debug|Any CPU
		{A6F5EA77-B279-4090-AADF-8147AF2131E3}.Release|Any CPU.ActiveCfg = Release|Any CPU
		{A6F5EA77-B279-4090-AADF-8147AF2131E3}.Release|Any CPU.Build.0 = Release|Any CPU
		{CF86A419-865B-482C-A75C-52FC7C51936D}.Debug|Any CPU.ActiveCfg = Debug|Any CPU
		{CF86A419-865B-482C-A75C-52FC7C51936D}.Debug|Any CPU.Build.0 = Debug|Any CPU
		{CF86A419-865B-482C-A75C-52FC7C51936D}.Release|Any CPU.ActiveCfg = Release|Any CPU
		{CF86A419-865B-482C-A75C-52FC7C51936D}.Release|Any CPU.Build.0 = Release|Any CPU
		{31372EE4-DBEC-4C09-9E03-0C19B8B0710A}.Debug|Any CPU.ActiveCfg = Debug|Any CPU
		{31372EE4-DBEC-4C09-9E03-0C19B8B0710A}.Debug|Any CPU.Build.0 = Debug|Any CPU
		{31372EE4-DBEC-4C09-9E03-0C19B8B0710A}.Release|Any CPU.ActiveCfg = Release|Any CPU
		{31372EE4-DBEC-4C09-9E03-0C19B8B0710A}.Release|Any CPU.Build.0 = Release|Any CPU
		{7B303811-657F-4827-B86F-3993250B9F30}.Debug|Any CPU.ActiveCfg = Debug|Any CPU
		{7B303811-657F-4827-B86F-3993250B9F30}.Debug|Any CPU.Build.0 = Debug|Any CPU
		{7B303811-657F-4827-B86F-3993250B9F30}.Release|Any CPU.ActiveCfg = Release|Any CPU
		{7B303811-657F-4827-B86F-3993250B9F30}.Release|Any CPU.Build.0 = Release|Any CPU
		{B949ABF2-6CD3-414C-B693-4FC379FB4E20}.Debug|Any CPU.ActiveCfg = Debug|Any CPU
		{B949ABF2-6CD3-414C-B693-4FC379FB4E20}.Debug|Any CPU.Build.0 = Debug|Any CPU
		{B949ABF2-6CD3-414C-B693-4FC379FB4E20}.Release|Any CPU.ActiveCfg = Release|Any CPU
		{B949ABF2-6CD3-414C-B693-4FC379FB4E20}.Release|Any CPU.Build.0 = Release|Any CPU
		{8F3744E0-045A-469E-871C-AF932DB8BEC1}.Debug|Any CPU.ActiveCfg = Debug|Any CPU
		{8F3744E0-045A-469E-871C-AF932DB8BEC1}.Debug|Any CPU.Build.0 = Debug|Any CPU
		{8F3744E0-045A-469E-871C-AF932DB8BEC1}.Release|Any CPU.ActiveCfg = Release|Any CPU
		{8F3744E0-045A-469E-871C-AF932DB8BEC1}.Release|Any CPU.Build.0 = Release|Any CPU
		{D8542FB2-F07C-4C5B-8227-2B55E782C83F}.Debug|Any CPU.ActiveCfg = Debug|Any CPU
		{D8542FB2-F07C-4C5B-8227-2B55E782C83F}.Debug|Any CPU.Build.0 = Debug|Any CPU
		{D8542FB2-F07C-4C5B-8227-2B55E782C83F}.Release|Any CPU.ActiveCfg = Release|Any CPU
		{D8542FB2-F07C-4C5B-8227-2B55E782C83F}.Release|Any CPU.Build.0 = Release|Any CPU
		{7F7DDBD3-D15A-44C7-8B04-F239EE9311B1}.Debug|Any CPU.ActiveCfg = Debug|Any CPU
		{7F7DDBD3-D15A-44C7-8B04-F239EE9311B1}.Debug|Any CPU.Build.0 = Debug|Any CPU
		{7F7DDBD3-D15A-44C7-8B04-F239EE9311B1}.Release|Any CPU.ActiveCfg = Release|Any CPU
		{7F7DDBD3-D15A-44C7-8B04-F239EE9311B1}.Release|Any CPU.Build.0 = Release|Any CPU
		{24C52121-4B51-4B7B-A3E2-24B3FCD0135B}.Debug|Any CPU.ActiveCfg = Debug|Any CPU
		{24C52121-4B51-4B7B-A3E2-24B3FCD0135B}.Debug|Any CPU.Build.0 = Debug|Any CPU
		{24C52121-4B51-4B7B-A3E2-24B3FCD0135B}.Release|Any CPU.ActiveCfg = Release|Any CPU
		{24C52121-4B51-4B7B-A3E2-24B3FCD0135B}.Release|Any CPU.Build.0 = Release|Any CPU
		{24E6B445-72EB-46C1-8943-8512235D506E}.Debug|Any CPU.ActiveCfg = Debug|Any CPU
		{24E6B445-72EB-46C1-8943-8512235D506E}.Debug|Any CPU.Build.0 = Debug|Any CPU
		{24E6B445-72EB-46C1-8943-8512235D506E}.Release|Any CPU.ActiveCfg = Release|Any CPU
		{24E6B445-72EB-46C1-8943-8512235D506E}.Release|Any CPU.Build.0 = Release|Any CPU
		{2B3DAF10-23F6-4383-8A77-E1DE89075834}.Debug|Any CPU.ActiveCfg = Debug|Any CPU
		{2B3DAF10-23F6-4383-8A77-E1DE89075834}.Debug|Any CPU.Build.0 = Debug|Any CPU
		{2B3DAF10-23F6-4383-8A77-E1DE89075834}.Release|Any CPU.ActiveCfg = Release|Any CPU
		{2B3DAF10-23F6-4383-8A77-E1DE89075834}.Release|Any CPU.Build.0 = Release|Any CPU
		{A2A4C2AF-DA07-45CD-97D9-0983D0B29B28}.Debug|Any CPU.ActiveCfg = Debug|Any CPU
		{A2A4C2AF-DA07-45CD-97D9-0983D0B29B28}.Debug|Any CPU.Build.0 = Debug|Any CPU
		{A2A4C2AF-DA07-45CD-97D9-0983D0B29B28}.Release|Any CPU.ActiveCfg = Release|Any CPU
		{A2A4C2AF-DA07-45CD-97D9-0983D0B29B28}.Release|Any CPU.Build.0 = Release|Any CPU
	EndGlobalSection
	GlobalSection(SolutionProperties) = preSolution
		HideSolutionNode = FALSE
	EndGlobalSection
	GlobalSection(NestedProjects) = preSolution
		{493B9555-A211-4EBC-A7C7-1C3A92FB941F} = {B819E3D6-2BB3-41D2-A56B-6CAE6BDF832D}
		{B819E3D6-2BB3-41D2-A56B-6CAE6BDF832D} = {02EA681E-C7D8-13C7-8484-4AC65E1B71E8}
		{42CAA16E-0766-4260-8B80-FCBDB3651EA4} = {02EA681E-C7D8-13C7-8484-4AC65E1B71E8}
		{8EAC7C3B-0CA0-40EE-9C2D-79BF822F6541} = {02EA681E-C7D8-13C7-8484-4AC65E1B71E8}
		{A49E6A73-E40B-492A-BA05-D2A3D5E87A38} = {02EA681E-C7D8-13C7-8484-4AC65E1B71E8}
		{79991F52-1F61-4647-982B-B5CFFA2E67AF} = {AA34B232-2994-43A9-A0DF-01DA7EBD4F87}
		{AA34B232-2994-43A9-A0DF-01DA7EBD4F87} = {A49E6A73-E40B-492A-BA05-D2A3D5E87A38}
		{8424A89C-EB53-46EA-AF74-54FC330CABE7} = {A49E6A73-E40B-492A-BA05-D2A3D5E87A38}
		{8BD498A1-C19D-4A80-916A-679967E4D6DA} = {8424A89C-EB53-46EA-AF74-54FC330CABE7}
		{AF7AE388-836F-4F79-A12C-5FDF12B3EB99} = {A49E6A73-E40B-492A-BA05-D2A3D5E87A38}
		{46B64297-31A4-4990-953B-7A249ED656CC} = {AF7AE388-836F-4F79-A12C-5FDF12B3EB99}
		{8C790768-828E-47C7-95DA-77C5F2091BFA} = {A49E6A73-E40B-492A-BA05-D2A3D5E87A38}
		{5077C60C-2670-441A-880E-8FF00F844C25} = {8C790768-828E-47C7-95DA-77C5F2091BFA}
		{C0A92D16-46C6-4DA4-B640-4DDB710BF78D} = {A49E6A73-E40B-492A-BA05-D2A3D5E87A38}
		{F31CDEEF-1EBC-4227-B8B6-1BFE1CED327E} = {A49E6A73-E40B-492A-BA05-D2A3D5E87A38}
		{65BA9E16-EF42-462B-88BC-CF44D6C0810A} = {A49E6A73-E40B-492A-BA05-D2A3D5E87A38}
		{C9843B25-F943-4318-B4E0-26EC7627B578} = {65BA9E16-EF42-462B-88BC-CF44D6C0810A}
		{89363DB1-265D-4E1C-8A07-DB4C0183FA4A} = {C0A92D16-46C6-4DA4-B640-4DDB710BF78D}
		{EDF6B251-047C-4137-93C8-FE4205EC7DED} = {F31CDEEF-1EBC-4227-B8B6-1BFE1CED327E}
		{429195B4-2BB1-477C-9A85-1E72737F0A95} = {8C790768-828E-47C7-95DA-77C5F2091BFA}
		{6E2F7424-2BCA-4200-A05F-319A01BD0FF0} = {8C790768-828E-47C7-95DA-77C5F2091BFA}
		{4887AF5F-0596-4D35-85A3-BED1C994BDEE} = {8C790768-828E-47C7-95DA-77C5F2091BFA}
		{38666D1A-DF50-44C8-B972-5184C235797F} = {42CAA16E-0766-4260-8B80-FCBDB3651EA4}
		{88B4A04D-162F-442C-9B2D-1C94A779D847} = {42CAA16E-0766-4260-8B80-FCBDB3651EA4}
		{572C706D-E527-4009-B4B5-2AEFD8B883B9} = {42CAA16E-0766-4260-8B80-FCBDB3651EA4}
		{B1C77545-DEBB-484F-824D-70600AC91DCA} = {AF7AE388-836F-4F79-A12C-5FDF12B3EB99}
		{1572F6E9-C32F-4F73-B85D-DBFD201AB377} = {AF7AE388-836F-4F79-A12C-5FDF12B3EB99}
		{6A619AEF-9AC1-4DAC-AAFF-F6F6A17F0A61} = {AF7AE388-836F-4F79-A12C-5FDF12B3EB99}
		{E9DFEE9D-F630-4B3A-8D88-554C21822302} = {AA34B232-2994-43A9-A0DF-01DA7EBD4F87}
		{01367758-CE10-4149-A235-456A22DD9CE3} = {AA34B232-2994-43A9-A0DF-01DA7EBD4F87}
		{8216B7D7-5ED3-4E5D-ABB9-2F08B8AFBAC5} = {AA34B232-2994-43A9-A0DF-01DA7EBD4F87}
		{A6F5EA77-B279-4090-AADF-8147AF2131E3} = {65BA9E16-EF42-462B-88BC-CF44D6C0810A}
		{CF86A419-865B-482C-A75C-52FC7C51936D} = {65BA9E16-EF42-462B-88BC-CF44D6C0810A}
		{31372EE4-DBEC-4C09-9E03-0C19B8B0710A} = {65BA9E16-EF42-462B-88BC-CF44D6C0810A}
		{7B303811-657F-4827-B86F-3993250B9F30} = {8424A89C-EB53-46EA-AF74-54FC330CABE7}
		{B949ABF2-6CD3-414C-B693-4FC379FB4E20} = {8424A89C-EB53-46EA-AF74-54FC330CABE7}
		{8F3744E0-045A-469E-871C-AF932DB8BEC1} = {8424A89C-EB53-46EA-AF74-54FC330CABE7}
		{D8542FB2-F07C-4C5B-8227-2B55E782C83F} = {F31CDEEF-1EBC-4227-B8B6-1BFE1CED327E}
		{7F7DDBD3-D15A-44C7-8B04-F239EE9311B1} = {F31CDEEF-1EBC-4227-B8B6-1BFE1CED327E}
		{24C52121-4B51-4B7B-A3E2-24B3FCD0135B} = {F31CDEEF-1EBC-4227-B8B6-1BFE1CED327E}
		{24E6B445-72EB-46C1-8943-8512235D506E} = {C0A92D16-46C6-4DA4-B640-4DDB710BF78D}
		{2B3DAF10-23F6-4383-8A77-E1DE89075834} = {C0A92D16-46C6-4DA4-B640-4DDB710BF78D}
		{A2A4C2AF-DA07-45CD-97D9-0983D0B29B28} = {C0A92D16-46C6-4DA4-B640-4DDB710BF78D}
	EndGlobalSection
	GlobalSection(ExtensibilityGlobals) = postSolution
		SolutionGuid = {1B0466E1-0257-43A6-9595-B63E1B60DBE5}
	EndGlobalSection
EndGlobal
